
Microsoft Visual Studio Solution File, Format Version 12.00
# Visual Studio Version 16
Project("{8BC9CEB8-8B4A-11D0-8D11-00A0C91BC942}") = "ALL_BUILD", "ALL_BUILD.vcxproj", "{662625E8-2DA7-3880-9D64-9C67EFB9DA73}"
	ProjectSection(ProjectDependencies) = postProject
		{6E14D250-2F32-3C67-841C-EE99BA727DC0} = {6E14D250-2F32-3C67-841C-EE99BA727DC0}
		{7DEFCA7C-BF46-3825-A3AA-BBC5CA0DD8FF} = {7DEFCA7C-BF46-3825-A3AA-BBC5CA0DD8FF}
	EndProjectSection
EndProject
Project("{8BC9CEB8-8B4A-11D0-8D11-00A0C91BC942}") = "ZERO_CHECK", "ZERO_CHECK.vcxproj", "{6E14D250-2F32-3C67-841C-EE99BA727DC0}"
	ProjectSection(ProjectDependencies) = postProject
	EndProjectSection
EndProject
Project("{8BC9CEB8-8B4A-11D0-8D11-00A0C91BC942}") = "raytracer", "raytracer.vcxproj", "{7DEFCA7C-BF46-3825-A3AA-BBC5CA0DD8FF}"
	ProjectSection(ProjectDependencies) = postProject
		{6E14D250-2F32-3C67-841C-EE99BA727DC0} = {6E14D250-2F32-3C67-841C-EE99BA727DC0}
	EndProjectSection
EndProject
Global
	GlobalSection(SolutionConfigurationPlatforms) = preSolution
		Debug|x64 = Debug|x64
		Release|x64 = Release|x64
		MinSizeRel|x64 = MinSizeRel|x64
		RelWithDebInfo|x64 = RelWithDebInfo|x64
	EndGlobalSection
	GlobalSection(ProjectConfigurationPlatforms) = postSolution
		{662625E8-2DA7-3880-9D64-9C67EFB9DA73}.Debug|x64.ActiveCfg = Debug|x64
		{662625E8-2DA7-3880-9D64-9C67EFB9DA73}.Release|x64.ActiveCfg = Release|x64
		{662625E8-2DA7-3880-9D64-9C67EFB9DA73}.MinSizeRel|x64.ActiveCfg = MinSizeRel|x64
		{662625E8-2DA7-3880-9D64-9C67EFB9DA73}.RelWithDebInfo|x64.ActiveCfg = RelWithDebInfo|x64
		{6E14D250-2F32-3C67-841C-EE99BA727DC0}.Debug|x64.ActiveCfg = Debug|x64
		{6E14D250-2F32-3C67-841C-EE99BA727DC0}.Debug|x64.Build.0 = Debug|x64
		{6E14D250-2F32-3C67-841C-EE99BA727DC0}.Release|x64.ActiveCfg = Release|x64
		{6E14D250-2F32-3C67-841C-EE99BA727DC0}.Release|x64.Build.0 = Release|x64
		{6E14D250-2F32-3C67-841C-EE99BA727DC0}.MinSizeRel|x64.ActiveCfg = MinSizeRel|x64
		{6E14D250-2F32-3C67-841C-EE99BA727DC0}.MinSizeRel|x64.Build.0 = MinSizeRel|x64
		{6E14D250-2F32-3C67-841C-EE99BA727DC0}.RelWithDebInfo|x64.ActiveCfg = RelWithDebInfo|x64
		{6E14D250-2F32-3C67-841C-EE99BA727DC0}.RelWithDebInfo|x64.Build.0 = RelWithDebInfo|x64
		{7DEFCA7C-BF46-3825-A3AA-BBC5CA0DD8FF}.Debug|x64.ActiveCfg = Debug|x64
		{7DEFCA7C-BF46-3825-A3AA-BBC5CA0DD8FF}.Debug|x64.Build.0 = Debug|x64
		{7DEFCA7C-BF46-3825-A3AA-BBC5CA0DD8FF}.Release|x64.ActiveCfg = Release|x64
		{7DEFCA7C-BF46-3825-A3AA-BBC5CA0DD8FF}.Release|x64.Build.0 = Release|x64
		{7DEFCA7C-BF46-3825-A3AA-BBC5CA0DD8FF}.MinSizeRel|x64.ActiveCfg = MinSizeRel|x64
		{7DEFCA7C-BF46-3825-A3AA-BBC5CA0DD8FF}.MinSizeRel|x64.Build.0 = MinSizeRel|x64
		{7DEFCA7C-BF46-3825-A3AA-BBC5CA0DD8FF}.RelWithDebInfo|x64.ActiveCfg = RelWithDebInfo|x64
		{7DEFCA7C-BF46-3825-A3AA-BBC5CA0DD8FF}.RelWithDebInfo|x64.Build.0 = RelWithDebInfo|x64
	EndGlobalSection
	GlobalSection(ExtensibilityGlobals) = postSolution
		SolutionGuid = {F1AC5725-DD5A-3352-B2AB-34BB133293A6}
	EndGlobalSection
	GlobalSection(ExtensibilityAddIns) = postSolution
	EndGlobalSection
EndGlobal
